
Microsoft Visual Studio Solution File, Format Version 12.00
Project("{FAE04EC0-301F-11D3-BF4B-00C04F79EFBC}") = "YouTubeLoadout", "YouTubeLoadout\YouTubeLoadout.csproj", "{07154AB7-A806-4C42-BD4D-675A3A2AE9E5}"
EndProject
Global
	GlobalSection(SolutionConfigurationPlatforms) = preSolution
		Debug|Any CPU = Debug|Any CPU
		Release|Any CPU = Release|Any CPU
	EndGlobalSection
	GlobalSection(ProjectConfigurationPlatforms) = postSolution
		{07154AB7-A806-4C42-BD4D-675A3A2AE9E5}.Debug|Any CPU.ActiveCfg = Debug|Any CPU
		{07154AB7-A806-4C42-BD4D-675A3A2AE9E5}.Debug|Any CPU.Build.0 = Debug|Any CPU
		{07154AB7-A806-4C42-BD4D-675A3A2AE9E5}.Release|Any CPU.ActiveCfg = Release|Any CPU
		{07154AB7-A806-4C42-BD4D-675A3A2AE9E5}.Release|Any CPU.Build.0 = Release|Any CPU
	EndGlobalSection
EndGlobal
